
Microsoft Visual Studio Solution File, Format Version 12.00
# Visual Studio Version 16
VisualStudioVersion = 16.0.30406.217
MinimumVisualStudioVersion = 10.0.40219.1
Project("{FAE04EC0-301F-11D3-BF4B-00C04F79EFBC}") = "WeatherPortal", "WeatherPortal\WeatherPortal.csproj", "{8EE341AA-5538-405F-8190-796D823ACC45}"
EndProject
Project("{FAE04EC0-301F-11D3-BF4B-00C04F79EFBC}") = "WeatherAPI", "WeatherAPI\WeatherAPI.csproj", "{8B38AA80-1467-403F-8738-2EB2E39644A2}"
EndProject
Project("{E53339B2-1760-4266-BCC7-CA923CBCF16C}") = "docker-compose", "docker-compose.dcproj", "{ED3D11AF-4E48-408B-A90A-066E74C8D522}"
EndProject
Global
	GlobalSection(SolutionConfigurationPlatforms) = preSolution
		Debug|Any CPU = Debug|Any CPU
		Release|Any CPU = Release|Any CPU
	EndGlobalSection
	GlobalSection(ProjectConfigurationPlatforms) = postSolution
		{8EE341AA-5538-405F-8190-796D823ACC45}.Debug|Any CPU.ActiveCfg = Debug|Any CPU
		{8EE341AA-5538-405F-8190-796D823ACC45}.Debug|Any CPU.Build.0 = Debug|Any CPU
		{8EE341AA-5538-405F-8190-796D823ACC45}.Release|Any CPU.ActiveCfg = Release|Any CPU
		{8EE341AA-5538-405F-8190-796D823ACC45}.Release|Any CPU.Build.0 = Release|Any CPU
		{8B38AA80-1467-403F-8738-2EB2E39644A2}.Debug|Any CPU.ActiveCfg = Debug|Any CPU
		{8B38AA80-1467-403F-8738-2EB2E39644A2}.Debug|Any CPU.Build.0 = Debug|Any CPU
		{8B38AA80-1467-403F-8738-2EB2E39644A2}.Release|Any CPU.ActiveCfg = Release|Any CPU
		{8B38AA80-1467-403F-8738-2EB2E39644A2}.Release|Any CPU.Build.0 = Release|Any CPU
		{ED3D11AF-4E48-408B-A90A-066E74C8D522}.Debug|Any CPU.ActiveCfg = Debug|Any CPU
		{ED3D11AF-4E48-408B-A90A-066E74C8D522}.Debug|Any CPU.Build.0 = Debug|Any CPU
		{ED3D11AF-4E48-408B-A90A-066E74C8D522}.Release|Any CPU.ActiveCfg = Release|Any CPU
		{ED3D11AF-4E48-408B-A90A-066E74C8D522}.Release|Any CPU.Build.0 = Release|Any CPU
	EndGlobalSection
	GlobalSection(SolutionProperties) = preSolution
		HideSolutionNode = FALSE
	EndGlobalSection
	GlobalSection(ExtensibilityGlobals) = postSolution
		SolutionGuid = {0DF9F0AE-FB70-4374-9A34-8F21C627F8A9}
	EndGlobalSection
EndGlobal
